
Microsoft Visual Studio Solution File, Format Version 12.00
# Visual Studio Version 16
VisualStudioVersion = 16.0.31105.61
MinimumVisualStudioVersion = 10.0.40219.1
Project("{FAE04EC0-301F-11D3-BF4B-00C04F79EFBC}") = "UserMaintenance", "UserMaintenance\UserMaintenance.csproj", "{453E44DD-96AC-45E4-AF39-C42F1DECB82E}"
EndProject
Global
	GlobalSection(SolutionConfigurationPlatforms) = preSolution
		Debug|Any CPU = Debug|Any CPU
		Release|Any CPU = Release|Any CPU
	EndGlobalSection
	GlobalSection(ProjectConfigurationPlatforms) = postSolution
		{453E44DD-96AC-45E4-AF39-C42F1DECB82E}.Debug|Any CPU.ActiveCfg = Debug|Any CPU
		{453E44DD-96AC-45E4-AF39-C42F1DECB82E}.Debug|Any CPU.Build.0 = Debug|Any CPU
		{453E44DD-96AC-45E4-AF39-C42F1DECB82E}.Release|Any CPU.ActiveCfg = Release|Any CPU
		{453E44DD-96AC-45E4-AF39-C42F1DECB82E}.Release|Any CPU.Build.0 = Release|Any CPU
	EndGlobalSection
	GlobalSection(SolutionProperties) = preSolution
		HideSolutionNode = FALSE
	EndGlobalSection
	GlobalSection(ExtensibilityGlobals) = postSolution
		SolutionGuid = {38BB320F-EC40-4DF0-8ACB-21CE4DEE2242}
	EndGlobalSection
EndGlobal
